<Solution>
  <Configurations>
    <Platform Name="Any CPU" />
    <Platform Name="x64" />
    <Platform Name="x86" />
  </Configurations>
  <Project Path="ClinicManager/ClinicManager.csproj" Id="61533719-6eb1-47e7-ae22-4603f0655ccb" />
  <Project Path="ClinicManagerTests/ClinicManagerTests.csproj" Id="b48d121c-b6a0-40de-a73b-a26ad4684bda" />
</Solution>
